github.com/go-sql-driver/mysql v1.6.0 h1:BCTh4TKNUYmOmMUcQ3IipzF5prigylS7XXjEkfCHuOE=
github.com/go-sql-driver/mysql v1.6.0/go.mod h1:DCzpHaOWr8IXmIStZouvnhqoel9Qv2LBy8hT2VhHyBg=
github.com/yut-kt/goholiday v0.1.9 h1:LXUEWD2zflRni3L4k0Vp8FBdpHvyJitfeg7Hxf1IXmg=
github.com/yut-kt/goholiday v0.1.9/go.mod h1:/LUijelCN1XkfBTYqn2e+ACk37RcIPEkm/vyv5UPJJo=
